github.com/ruts48code/random4ruts v0.0.0-20240313075618-4dea7e44a30a h1:go0ZS1mQr2Du1ZaP/071azR0yOgDOeSWdglSoD4SdD8=
github.com/ruts48code/random4ruts v0.0.0-20240313075618-4dea7e44a30a/go.mod h1:6D/Vr/ytkNgvU7HVu1/+tQtpDXJvdMXxuiDTiTqtJ7o=
github.com/ruts48code/utils4ruts v0.0.0-20240313080715-fca745427109 h1:diWVzlzE7Tvwi4UxJBKLFdUNSxbDLenwiJS4m+woqfg=
github.com/ruts48code/utils4ruts v0.0.0-20240313080715-fca745427109/go.mod h1:DQguL7leDuTOyp3EbNlrYVjJYlms4k4KJ9GK+dTElHQ=
github.com/ruts48code/utils4ruts v0.0.0-20240313083758-a3187b01c00a h1:/ViCql9SMx31YRPBo7CetkeWj+PWwuzp1EKrk3jPM5c=
github.com/ruts48code/utils4ruts v0.0.0-20240313083758-a3187b01c00a/go.mod h1:DQguL7leDuTOyp3EbNlrYVjJYlms4k4KJ9GK+dTElHQ=
